{
  "name": "charts",
  "version": "100",
  "lockfileVersion": 2,
  "requires": true,
  "packages": {
    "": {
      "name": "charts",
      "version": "100",
      "license": "ISC",
      "dependencies": {
        "highcharts": "^1010"
      }
    },
    "node_modules/highcharts": {
      "version": "1010",
      "resolved": "https://registrynpmjsorg/highcharts/-/highcharts-1010tgz",
      "integrity": "sha512-gW/pzy/Qy/hiYeCflYHpwgsP2nqQavwuRUswRf+papmbutZ3I7K7AIZJ/yZ9NL5yzpF7X7r2dX7/nzZGN4A1rg=="
    }
  },
  "dependencies": {
    "highcharts": {
      "version": "1010",
      "resolved": "https://registrynpmjsorg/highcharts/-/highcharts-1010tgz",
      "integrity": "sha512-gW/pzy/Qy/hiYeCflYHpwgsP2nqQavwuRUswRf+papmbutZ3I7K7AIZJ/yZ9NL5yzpF7X7r2dX7/nzZGN4A1rg=="
    }
  }
}
